// !$*UTF8*$!
{
	archiveVersion = 1;
	classes = {
	};
	objectVersion = 77;
	objects = {

/* Begin PBXContainerItemProxy section */
		2EB5396D2DBFC46E000AC924 /* PBXContainerItemProxy */ = {
			isa = PBXContainerItemProxy;
			containerPortal = 2EB539552DBFC46D000AC924 /* Project object */;
			proxyType = 1;
			remoteGlobalIDString = 2EB5395C2DBFC46D000AC924;
			remoteInfo = "3D Dungeon Game";
		};
		2EB539772DBFC46E000AC924 /* PBXContainerItemProxy */ = {
			isa = PBXContainerItemProxy;
			containerPortal = 2EB539552DBFC46D000AC924 /* Project object */;
			proxyType = 1;
			remoteGlobalIDString = 2EB5395C2DBFC46D000AC924;
			remoteInfo = "3D Dungeon Game";
		};
/* End PBXContainerItemProxy section */

/* Begin PBXFileReference section */
		2EB5395D2DBFC46D000AC924 /* 3D Dungeon Game.app */ = {isa = PBXFileReference; explicitFileType = wrapper.application; includeInIndex = 0; path = "3D Dungeon Game.app"; sourceTree = BUILT_PRODUCTS_DIR; };
		2EB5396C2DBFC46E000AC924 /* 3D Dungeon GameTests.xctest */ = {isa = PBXFileReference; explicitFileType = wrapper.cfbundle; includeInIndex = 0; path = "3D Dungeon GameTests.xctest"; sourceTree = BUILT_PRODUCTS_DIR; };
		2EB539762DBFC46E000AC924 /* 3D Dungeon GameUITests.xctest */ = {isa = PBXFileReference; explicitFileType = wrapper.cfbundle; includeInIndex = 0; path = "3D Dungeon GameUITests.xctest"; sourceTree = BUILT_PRODUCTS_DIR; };
/* End PBXFileReference section */

/* Begin PBXFileSystemSynchronizedRootGroup section */
		2EB5395F2DBFC46D000AC924 /* 3D Dungeon Game */ = {
			isa = PBXFileSystemSynchronizedRootGroup;
			path = "3D Dungeon Game";
			sourceTree = "<group>";
		};
		2EB5396F2DBFC46E000AC924 /* 3D Dungeon GameTests */ = {
			isa = PBXFileSystemSynchronizedRootGroup;
			path = "3D Dungeon GameTests";
			sourceTree = "<group>";
		};
		2EB539792DBFC46E000AC924 /* 3D Dungeon GameUITests */ = {
			isa = PBXFileSystemSynchronizedRootGroup;
			path = "3D Dungeon GameUITests";
			sourceTree = "<group>";
		};
/* End PBXFileSystemSynchronizedRootGroup section */

/* Begin PBXFrameworksBuildPhase section */
		2EB5395A2DBFC46D000AC924 /* Frameworks */ = {
			isa = PBXFrameworksBuildPhase;
			buildActionMask = 2147483647;
			files = (
			);
			runOnlyForDeploymentPostprocessing = 0;
		};
		2EB539692DBFC46E000AC924 /* Frameworks */ = {
			isa = PBXFrameworksBuildPhase;
			buildActionMask = 2147483647;
			files = (
			);
			runOnlyForDeploymentPostprocessing = 0;
		};
		2EB539732DBFC46E000AC924 /* Frameworks */ = {
			isa = PBXFrameworksBuildPhase;
			buildActionMask = 2147483647;
			files = (
			);
			runOnlyForDeploymentPostprocessing = 0;
		};
/* End PBXFrameworksBuildPhase section */

/* Begin PBXGroup section */
		2EB539542DBFC46D000AC924 = {
			isa = PBXGroup;
			children = (
				2EB5395F2DBFC46D000AC924 /* 3D Dungeon Game */,
				2EB5396F2DBFC46E000AC924 /* 3D Dungeon GameTests */,
				2EB539792DBFC46E000AC924 /* 3D Dungeon GameUITests */,
				2EB5395E2DBFC46D000AC924 /* Products */,
			);
			sourceTree = "<group>";
		};
		2EB5395E2DBFC46D000AC924 /* Products */ = {
			isa = PBXGroup;
			children = (
				2EB5395D2DBFC46D000AC924 /* 3D Dungeon Game.app */,
				2EB5396C2DBFC46E000AC924 /* 3D Dungeon GameTests.xctest */,
				2EB539762DBFC46E000AC924 /* 3D Dungeon GameUITests.xctest */,
			);
			name = Products;
			sourceTree = "<group>";
		};
/* End PBXGroup section */

/* Begin PBXNativeTarget section */
		2EB5395C2DBFC46D000AC924 /* 3D Dungeon Game */ = {
			isa = PBXNativeTarget;
			buildConfigurationList = 2EB539802DBFC46E000AC924 /* Build configuration list for PBXNativeTarget "3D Dungeon Game" */;
			buildPhases = (
				2EB539592DBFC46D000AC924 /* Sources */,
				2EB5395A2DBFC46D000AC924 /* Frameworks */,
				2EB5395B2DBFC46D000AC924 /* Resources */,
			);
			buildRules = (
			);
			dependencies = (
			);
			fileSystemSynchronizedGroups = (
				2EB5395F2DBFC46D000AC924 /* 3D Dungeon Game */,
			);
			name = "3D Dungeon Game";
			packageProductDependencies = (
			);
			productName = "3D Dungeon Game";
			productReference = 2EB5395D2DBFC46D000AC924 /* 3D Dungeon Game.app */;
			productType = "com.apple.product-type.application";
		};
		2EB5396B2DBFC46E000AC924 /* 3D Dungeon GameTests */ = {
			isa = PBXNativeTarget;
			buildConfigurationList = 2EB539832DBFC46E000AC924 /* Build configuration list for PBXNativeTarget "3D Dungeon GameTests" */;
			buildPhases = (
				2EB539682DBFC46E000AC924 /* Sources */,
				2EB539692DBFC46E000AC924 /* Frameworks */,
				2EB5396A2DBFC46E000AC924 /* Resources */,
			);
			buildRules = (
			);
			dependencies = (
				2EB5396E2DBFC46E000AC924 /* PBXTargetDependency */,
			);
			fileSystemSynchronizedGroups = (
				2EB5396F2DBFC46E000AC924 /* 3D Dungeon GameTests */,
			);
			name = "3D Dungeon GameTests";
			packageProductDependencies = (
			);
			productName = "3D Dungeon GameTests";
			productReference = 2EB5396C2DBFC46E000AC924 /* 3D Dungeon GameTests.xctest */;
			productType = "com.apple.product-type.bundle.unit-test";
		};
		2EB539752DBFC46E000AC924 /* 3D Dungeon GameUITests */ = {
			isa = PBXNativeTarget;
			buildConfigurationList = 2EB539862DBFC46E000AC924 /* Build configuration list for PBXNativeTarget "3D Dungeon GameUITests" */;
			buildPhases = (
				2EB539722DBFC46E000AC924 /* Sources */,
				2EB539732DBFC46E000AC924 /* Frameworks */,
				2EB539742DBFC46E000AC924 /* Resources */,
			);
			buildRules = (
			);
			dependencies = (
				2EB539782DBFC46E000AC924 /* PBXTargetDependency */,
			);
			fileSystemSynchronizedGroups = (
				2EB539792DBFC46E000AC924 /* 3D Dungeon GameUITests */,
			);
			name = "3D Dungeon GameUITests";
			packageProductDependencies = (
			);
			productName = "3D Dungeon GameUITests";
			productReference = 2EB539762DBFC46E000AC924 /* 3D Dungeon GameUITests.xctest */;
			productType = "com.apple.product-type.bundle.ui-testing";
		};
/* End PBXNativeTarget section */

/* Begin PBXProject section */
		2EB539552DBFC46D000AC924 /* Project object */ = {
			isa = PBXProject;
			attributes = {
				BuildIndependentTargetsInParallel = 1;
				LastSwiftUpdateCheck = 1630;
				LastUpgradeCheck = 1630;
				TargetAttributes = {
					2EB5395C2DBFC46D000AC924 = {
						CreatedOnToolsVersion = 16.3;
					};
					2EB5396B2DBFC46E000AC924 = {
						CreatedOnToolsVersion = 16.3;
						TestTargetID = 2EB5395C2DBFC46D000AC924;
					};
					2EB539752DBFC46E000AC924 = {
						CreatedOnToolsVersion = 16.3;
						TestTargetID = 2EB5395C2DBFC46D000AC924;
					};
				};
			};
			buildConfigurationList = 2EB539582DBFC46D000AC924 /* Build configuration list for PBXProject "3D Dungeon Game" */;
			developmentRegion = en;
			hasScannedForEncodings = 0;
			knownRegions = (
				en,
				Base,
			);
			mainGroup = 2EB539542DBFC46D000AC924;
			minimizedProjectReferenceProxies = 1;
			preferredProjectObjectVersion = 77;
			productRefGroup = 2EB5395E2DBFC46D000AC924 /* Products */;
			projectDirPath = "";
			projectRoot = "";
			targets = (
				2EB5395C2DBFC46D000AC924 /* 3D Dungeon Game */,
				2EB5396B2DBFC46E000AC924 /* 3D Dungeon GameTests */,
				2EB539752DBFC46E000AC924 /* 3D Dungeon GameUITests */,
			);
		};
/* End PBXProject section */

/* Begin PBXResourcesBuildPhase section */
		2EB5395B2DBFC46D000AC924 /* Resources */ = {
			isa = PBXResourcesBuildPhase;
			buildActionMask = 2147483647;
			files = (
			);
			runOnlyForDeploymentPostprocessing = 0;
		};
		2EB5396A2DBFC46E000AC924 /* Resources */ = {
			isa = PBXResourcesBuildPhase;
			buildActionMask = 2147483647;
			files = (
			);
			runOnlyForDeploymentPostprocessing = 0;
		};
		2EB539742DBFC46E000AC924 /* Resources */ = {
			isa = PBXResourcesBuildPhase;
			buildActionMask = 2147483647;
			files = (
			);
			runOnlyForDeploymentPostprocessing = 0;
		};
/* End PBXResourcesBuildPhase section */

/* Begin PBXSourcesBuildPhase section */
		2EB539592DBFC46D000AC924 /* Sources */ = {
			isa = PBXSourcesBuildPhase;
			buildActionMask = 2147483647;
			files = (
			);
			runOnlyForDeploymentPostprocessing = 0;
		};
		2EB539682DBFC46E000AC924 /* Sources */ = {
			isa = PBXSourcesBuildPhase;
			buildActionMask = 2147483647;
			files = (
			);
			runOnlyForDeploymentPostprocessing = 0;
		};
		2EB539722DBFC46E000AC924 /* Sources */ = {
			isa = PBXSourcesBuildPhase;
			buildActionMask = 2147483647;
			files = (
			);
			runOnlyForDeploymentPostprocessing = 0;
		};
/* End PBXSourcesBuildPhase section */

/* Begin PBXTargetDependency section */
		2EB5396E2DBFC46E000AC924 /* PBXTargetDependency */ = {
			isa = PBXTargetDependency;
			target = 2EB5395C2DBFC46D000AC924 /* 3D Dungeon Game */;
			targetProxy = 2EB5396D2DBFC46E000AC924 /* PBXContainerItemProxy */;
		};
		2EB539782DBFC46E000AC924 /* PBXTargetDependency */ = {
			isa = PBXTargetDependency;
			target = 2EB5395C2DBFC46D000AC924 /* 3D Dungeon Game */;
			targetProxy = 2EB539772DBFC46E000AC924 /* PBXContainerItemProxy */;
		};
/* End PBXTargetDependency section */

/* Begin XCBuildConfiguration section */
		2EB5397E2DBFC46E000AC924 /* Debug */ = {
			isa = XCBuildConfiguration;
			buildSettings = {
				ALWAYS_SEARCH_USER_PATHS = NO;
				ASSETCATALOG_COMPILER_GENERATE_SWIFT_ASSET_SYMBOL_EXTENSIONS = YES;
				CLANG_ANALYZER_NONNULL = YES;
				CLANG_ANALYZER_NUMBER_OBJECT_CONVERSION = YES_AGGRESSIVE;
				CLANG_CXX_LANGUAGE_STANDARD = "gnu++20";
				CLANG_ENABLE_MODULES = YES;
				CLANG_ENABLE_OBJC_ARC = YES;
				CLANG_ENABLE_OBJC_WEAK = YES;
				CLANG_WARN_BLOCK_CAPTURE_AUTORELEASING = YES;
				CLANG_WARN_BOOL_CONVERSION = YES;
				CLANG_WARN_COMMA = YES;
				CLANG_WARN_CONSTANT_CONVERSION = YES;
				CLANG_WARN_DEPRECATED_OBJC_IMPLEMENTATIONS = YES;
				CLANG_WARN_DIRECT_OBJC_ISA_USAGE = YES_ERROR;
				CLANG_WARN_DOCUMENTATION_COMMENTS = YES;
				CLANG_WARN_EMPTY_BODY = YES;
				CLANG_WARN_ENUM_CONVERSION = YES;
				CLANG_WARN_INFINITE_RECURSION = YES;
				CLANG_WARN_INT_CONVERSION = YES;
				CLANG_WARN_NON_LITERAL_NULL_CONVERSION = YES;
				CLANG_WARN_OBJC_IMPLICIT_RETAIN_SELF = YES;
				CLANG_WARN_OBJC_LITERAL_CONVERSION = YES;
				CLANG_WARN_OBJC_ROOT_CLASS = YES_ERROR;
				CLANG_WARN_QUOTED_INCLUDE_IN_FRAMEWORK_HEADER = YES;
				CLANG_WARN_RANGE_LOOP_ANALYSIS = YES;
				CLANG_WARN_STRICT_PROTOTYPES = YES;
				CLANG_WARN_SUSPICIOUS_MOVE = YES;
				CLANG_WARN_UNGUARDED_AVAILABILITY = YES_AGGRESSIVE;
				CLANG_WARN_UNREACHABLE_CODE = YES;
				CLANG_WARN__DUPLICATE_METHOD_MATCH = YES;
				COPY_PHASE_STRIP = NO;
				DEBUG_INFORMATION_FORMAT = dwarf;
				ENABLE_STRICT_OBJC_MSGSEND = YES;
				ENABLE_TESTABILITY = YES;
				ENABLE_USER_SCRIPT_SANDBOXING = YES;
				GCC_C_LANGUAGE_STANDARD = gnu17;
				GCC_DYNAMIC_NO_PIC = NO;
				GCC_NO_COMMON_BLOCKS = YES;
				GCC_OPTIMIZATION_LEVEL = 0;
				GCC_PREPROCESSOR_DEFINITIONS = (
					"DEBUG=1",
					"$(inherited)",
				);
				GCC_WARN_64_TO_32_BIT_CONVERSION = YES;
				GCC_WARN_ABOUT_RETURN_TYPE = YES_ERROR;
				GCC_WARN_UNDECLARED_SELECTOR = YES;
				GCC_WARN_UNINITIALIZED_AUTOS = YES_AGGRESSIVE;
				GCC_WARN_UNUSED_FUNCTION = YES;
				GCC_WARN_UNUSED_VARIABLE = YES;
				IPHONEOS_DEPLOYMENT_TARGET = 18.4;
				LOCALIZATION_PREFERS_STRING_CATALOGS = YES;
				MTL_ENABLE_DEBUG_INFO = INCLUDE_SOURCE;
				MTL_FAST_MATH = YES;
				ONLY_ACTIVE_ARCH = YES;
				SDKROOT = iphoneos;
				SWIFT_ACTIVE_COMPILATION_CONDITIONS = "DEBUG $(inherited)";
				SWIFT_OPTIMIZATION_LEVEL = "-Onone";
			};
			name = Debug;
		};
		2EB5397F2DBFC46E000AC924 /* Release */ = {
			isa = XCBuildConfiguration;
			buildSettings = {
				ALWAYS_SEARCH_USER_PATHS = NO;
				ASSETCATALOG_COMPILER_GENERATE_SWIFT_ASSET_SYMBOL_EXTENSIONS = YES;
				CLANG_ANALYZER_NONNULL = YES;
				CLANG_ANALYZER_NUMBER_OBJECT_CONVERSION = YES_AGGRESSIVE;
				CLANG_CXX_LANGUAGE_STANDARD = "gnu++20";
				CLANG_ENABLE_MODULES = YES;
				CLANG_ENABLE_OBJC_ARC = YES;
				CLANG_ENABLE_OBJC_WEAK = YES;
				CLANG_WARN_BLOCK_CAPTURE_AUTORELEASING = YES;
				CLANG_WARN_BOOL_CONVERSION = YES;
				CLANG_WARN_COMMA = YES;
				CLANG_WARN_CONSTANT_CONVERSION = YES;
				CLANG_WARN_DEPRECATED_OBJC_IMPLEMENTATIONS = YES;
				CLANG_WARN_DIRECT_OBJC_ISA_USAGE = YES_ERROR;
				CLANG_WARN_DOCUMENTATION_COMMENTS = YES;
				CLANG_WARN_EMPTY_BODY = YES;
				CLANG_WARN_ENUM_CONVERSION = YES;
				CLANG_WARN_INFINITE_RECURSION = YES;
				CLANG_WARN_INT_CONVERSION = YES;
				CLANG_WARN_NON_LITERAL_NULL_CONVERSION = YES;
				CLANG_WARN_OBJC_IMPLICIT_RETAIN_SELF = YES;
				CLANG_WARN_OBJC_LITERAL_CONVERSION = YES;
				CLANG_WARN_OBJC_ROOT_CLASS = YES_ERROR;
				CLANG_WARN_QUOTED_INCLUDE_IN_FRAMEWORK_HEADER = YES;
				CLANG_WARN_RANGE_LOOP_ANALYSIS = YES;
				CLANG_WARN_STRICT_PROTOTYPES = YES;
				CLANG_WARN_SUSPICIOUS_MOVE = YES;
				CLANG_WARN_UNGUARDED_AVAILABILITY = YES_AGGRESSIVE;
				CLANG_WARN_UNREACHABLE_CODE = YES;
				CLANG_WARN__DUPLICATE_METHOD_MATCH = YES;
				COPY_PHASE_STRIP = NO;
				DEBUG_INFORMATION_FORMAT = "dwarf-with-dsym";
				ENABLE_NS_ASSERTIONS = NO;
				ENABLE_STRICT_OBJC_MSGSEND = YES;
				ENABLE_USER_SCRIPT_SANDBOXING = YES;
				GCC_C_LANGUAGE_STANDARD = gnu17;
				GCC_NO_COMMON_BLOCKS = YES;
				GCC_WARN_64_TO_32_BIT_CONVERSION = YES;
				GCC_WARN_ABOUT_RETURN_TYPE = YES_ERROR;
				GCC_WARN_UNDECLARED_SELECTOR = YES;
				GCC_WARN_UNINITIALIZED_AUTOS = YES_AGGRESSIVE;
				GCC_WARN_UNUSED_FUNCTION = YES;
				GCC_WARN_UNUSED_VARIABLE = YES;
				IPHONEOS_DEPLOYMENT_TARGET = 18.4;
				LOCALIZATION_PREFERS_STRING_CATALOGS = YES;
				MTL_ENABLE_DEBUG_INFO = NO;
				MTL_FAST_MATH = YES;
				SDKROOT = iphoneos;
				SWIFT_COMPILATION_MODE = wholemodule;
				VALIDATE_PRODUCT = YES;
			};
			name = Release;
		};
		2EB539812DBFC46E000AC924 /* Debug */ = {
			isa = XCBuildConfiguration;
			buildSettings = {
				ASSETCATALOG_COMPILER_APPICON_NAME = AppIcon;
				ASSETCATALOG_COMPILER_GLOBAL_ACCENT_COLOR_NAME = AccentColor;
				CODE_SIGN_STYLE = Automatic;
				CURRENT_PROJECT_VERSION = 1;
				ENABLE_PREVIEWS = YES;
				GENERATE_INFOPLIST_FILE = YES;
				INFOPLIST_KEY_UIApplicationSceneManifest_Generation = YES;
				INFOPLIST_KEY_UIApplicationSupportsIndirectInputEvents = YES;
				INFOPLIST_KEY_UILaunchScreen_Generation = YES;
				INFOPLIST_KEY_UISupportedInterfaceOrientations_iPad = "UIInterfaceOrientationPortrait UIInterfaceOrientationPortraitUpsideDown UIInterfaceOrientationLandscapeLeft UIInterfaceOrientationLandscapeRight";
				INFOPLIST_KEY_UISupportedInterfaceOrientations_iPhone = "UIInterfaceOrientationPortrait UIInterfaceOrientationLandscapeLeft UIInterfaceOrientationLandscapeRight";
				LD_RUNPATH_SEARCH_PATHS = (
					"$(inherited)",
					"@executable_path/Frameworks",
				);
				MARKETING_VERSION = 1.0;
				PRODUCT_BUNDLE_IDENTIFIER = "-.-D-Dungeon-Game";
				PRODUCT_NAME = "$(TARGET_NAME)";
				SWIFT_EMIT_LOC_STRINGS = YES;
				SWIFT_VERSION = 5.0;
				TARGETED_DEVICE_FAMILY = "1,2";
			};
			name = Debug;
		};
		2EB539822DBFC46E000AC924 /* Release */ = {
			isa = XCBuildConfiguration;
			buildSettings = {
				ASSETCATALOG_COMPILER_APPICON_NAME = AppIcon;
				ASSETCATALOG_COMPILER_GLOBAL_ACCENT_COLOR_NAME = AccentColor;
				CODE_SIGN_STYLE = Automatic;
				CURRENT_PROJECT_VERSION = 1;
				ENABLE_PREVIEWS = YES;
				GENERATE_INFOPLIST_FILE = YES;
				INFOPLIST_KEY_UIApplicationSceneManifest_Generation = YES;
				INFOPLIST_KEY_UIApplicationSupportsIndirectInputEvents = YES;
				INFOPLIST_KEY_UILaunchScreen_Generation = YES;
				INFOPLIST_KEY_UISupportedInterfaceOrientations_iPad = "UIInterfaceOrientationPortrait UIInterfaceOrientationPortraitUpsideDown UIInterfaceOrientationLandscapeLeft UIInterfaceOrientationLandscapeRight";
				INFOPLIST_KEY_UISupportedInterfaceOrientations_iPhone = "UIInterfaceOrientationPortrait UIInterfaceOrientationLandscapeLeft UIInterfaceOrientationLandscapeRight";
				LD_RUNPATH_SEARCH_PATHS = (
					"$(inherited)",
					"@executable_path/Frameworks",
				);
				MARKETING_VERSION = 1.0;
				PRODUCT_BUNDLE_IDENTIFIER = "-.-D-Dungeon-Game";
				PRODUCT_NAME = "$(TARGET_NAME)";
				SWIFT_EMIT_LOC_STRINGS = YES;
				SWIFT_VERSION = 5.0;
				TARGETED_DEVICE_FAMILY = "1,2";
			};
			name = Release;
		};
		2EB539842DBFC46E000AC924 /* Debug */ = {
			isa = XCBuildConfiguration;
			buildSettings = {
				BUNDLE_LOADER = "$(TEST_HOST)";
				CODE_SIGN_STYLE = Automatic;
				CURRENT_PROJECT_VERSION = 1;
				GENERATE_INFOPLIST_FILE = YES;
				IPHONEOS_DEPLOYMENT_TARGET = 18.4;
				MARKETING_VERSION = 1.0;
				PRODUCT_BUNDLE_IDENTIFIER = "-.-D-Dungeon-GameTests";
				PRODUCT_NAME = "$(TARGET_NAME)";
				SWIFT_EMIT_LOC_STRINGS = NO;
				SWIFT_VERSION = 5.0;
				TARGETED_DEVICE_FAMILY = "1,2";
				TEST_HOST = "$(BUILT_PRODUCTS_DIR)/3D Dungeon Game.app/$(BUNDLE_EXECUTABLE_FOLDER_PATH)/3D Dungeon Game";
			};
			name = Debug;
		};
		2EB539852DBFC46E000AC924 /* Release */ = {
			isa = XCBuildConfiguration;
			buildSettings = {
				BUNDLE_LOADER = "$(TEST_HOST)";
				CODE_SIGN_STYLE = Automatic;
				CURRENT_PROJECT_VERSION = 1;
				GENERATE_INFOPLIST_FILE = YES;
				IPHONEOS_DEPLOYMENT_TARGET = 18.4;
				MARKETING_VERSION = 1.0;
				PRODUCT_BUNDLE_IDENTIFIER = "-.-D-Dungeon-GameTests";
				PRODUCT_NAME = "$(TARGET_NAME)";
				SWIFT_EMIT_LOC_STRINGS = NO;
				SWIFT_VERSION = 5.0;
				TARGETED_DEVICE_FAMILY = "1,2";
				TEST_HOST = "$(BUILT_PRODUCTS_DIR)/3D Dungeon Game.app/$(BUNDLE_EXECUTABLE_FOLDER_PATH)/3D Dungeon Game";
			};
			name = Release;
		};
		2EB539872DBFC46E000AC924 /* Debug */ = {
			isa = XCBuildConfiguration;
			buildSettings = {
				CODE_SIGN_STYLE = Automatic;
				CURRENT_PROJECT_VERSION = 1;
				GENERATE_INFOPLIST_FILE = YES;
				MARKETING_VERSION = 1.0;
				PRODUCT_BUNDLE_IDENTIFIER = "-.-D-Dungeon-GameUITests";
				PRODUCT_NAME = "$(TARGET_NAME)";
				SWIFT_EMIT_LOC_STRINGS = NO;
				SWIFT_VERSION = 5.0;
				TARGETED_DEVICE_FAMILY = "1,2";
				TEST_TARGET_NAME = "3D Dungeon Game";
			};
			name = Debug;
		};
		2EB539882DBFC46E000AC924 /* Release */ = {
			isa = XCBuildConfiguration;
			buildSettings = {
				CODE_SIGN_STYLE = Automatic;
				CURRENT_PROJECT_VERSION = 1;
				GENERATE_INFOPLIST_FILE = YES;
				MARKETING_VERSION = 1.0;
				PRODUCT_BUNDLE_IDENTIFIER = "-.-D-Dungeon-GameUITests";
				PRODUCT_NAME = "$(TARGET_NAME)";
				SWIFT_EMIT_LOC_STRINGS = NO;
				SWIFT_VERSION = 5.0;
				TARGETED_DEVICE_FAMILY = "1,2";
				TEST_TARGET_NAME = "3D Dungeon Game";
			};
			name = Release;
		};
/* End XCBuildConfiguration section */

/* Begin XCConfigurationList section */
		2EB539582DBFC46D000AC924 /* Build configuration list for PBXProject "3D Dungeon Game" */ = {
			isa = XCConfigurationList;
			buildConfigurations = (
				2EB5397E2DBFC46E000AC924 /* Debug */,
				2EB5397F2DBFC46E000AC924 /* Release */,
			);
			defaultConfigurationIsVisible = 0;
			defaultConfigurationName = Release;
		};
		2EB539802DBFC46E000AC924 /* Build configuration list for PBXNativeTarget "3D Dungeon Game" */ = {
			isa = XCConfigurationList;
			buildConfigurations = (
				2EB539812DBFC46E000AC924 /* Debug */,
				2EB539822DBFC46E000AC924 /* Release */,
			);
			defaultConfigurationIsVisible = 0;
			defaultConfigurationName = Release;
		};
		2EB539832DBFC46E000AC924 /* Build configuration list for PBXNativeTarget "3D Dungeon GameTests" */ = {
			isa = XCConfigurationList;
			buildConfigurations = (
				2EB539842DBFC46E000AC924 /* Debug */,
				2EB539852DBFC46E000AC924 /* Release */,
			);
			defaultConfigurationIsVisible = 0;
			defaultConfigurationName = Release;
		};
		2EB539862DBFC46E000AC924 /* Build configuration list for PBXNativeTarget "3D Dungeon GameUITests" */ = {
			isa = XCConfigurationList;
			buildConfigurations = (
				2EB539872DBFC46E000AC924 /* Debug */,
				2EB539882DBFC46E000AC924 /* Release */,
			);
			defaultConfigurationIsVisible = 0;
			defaultConfigurationName = Release;
		};
/* End XCConfigurationList section */
	};
	rootObject = 2EB539552DBFC46D000AC924 /* Project object */;
}
